
Microsoft Visual Studio Solution File, Format Version 12.00
# Visual Studio Version 16
VisualStudioVersion = 16.0.31729.503
MinimumVisualStudioVersion = 10.0.40219.1
Project("{9092AA53-FB77-4645-B42D-1CCCA6BD08BD}") = "ExamUI", "ExamUI\ExamUI.njsproj", "{0D5C309B-CAFE-49ED-9098-2B0B81E94751}"
EndProject
Project("{9A19103F-16F7-4668-BE54-9A1E7A4F7556}") = "Exam", "Exam\Exam.csproj", "{BE5B6C1D-4493-44BE-AF59-F3DCC15BA1F7}"
EndProject
Project("{FAE04EC0-301F-11D3-BF4B-00C04F79EFBC}") = "Exam.Models", "Exam.Models\Exam.Models.csproj", "{15E8A086-CB27-43E5-9B43-68C7676C2CDE}"
EndProject
Project("{FAE04EC0-301F-11D3-BF4B-00C04F79EFBC}") = "Exam.Data", "Exam.Data\Exam.Data.csproj", "{6128A197-0B5A-4E4A-84D0-1B93586EDF77}"
EndProject
Project("{FAE04EC0-301F-11D3-BF4B-00C04F79EFBC}") = "Exam.Utility", "Exam.Utility\Exam.Utility.csproj", "{8A5D7BB1-78DF-43EC-81C9-9466FFB86A0C}"
EndProject
Project("{FAE04EC0-301F-11D3-BF4B-00C04F79EFBC}") = "Exam.Dto", "Exam.Dto\Exam.Dto.csproj", "{27090CD4-5BCA-40ED-89BD-586FCC865405}"
EndProject
Global
	GlobalSection(SolutionConfigurationPlatforms) = preSolution
		Debug|Any CPU = Debug|Any CPU
		Release|Any CPU = Release|Any CPU
	EndGlobalSection
	GlobalSection(ProjectConfigurationPlatforms) = postSolution
		{0D5C309B-CAFE-49ED-9098-2B0B81E94751}.Debug|Any CPU.ActiveCfg = Debug|Any CPU
		{0D5C309B-CAFE-49ED-9098-2B0B81E94751}.Debug|Any CPU.Build.0 = Debug|Any CPU
		{0D5C309B-CAFE-49ED-9098-2B0B81E94751}.Release|Any CPU.ActiveCfg = Release|Any CPU
		{0D5C309B-CAFE-49ED-9098-2B0B81E94751}.Release|Any CPU.Build.0 = Release|Any CPU
		{BE5B6C1D-4493-44BE-AF59-F3DCC15BA1F7}.Debug|Any CPU.ActiveCfg = Debug|Any CPU
		{BE5B6C1D-4493-44BE-AF59-F3DCC15BA1F7}.Debug|Any CPU.Build.0 = Debug|Any CPU
		{BE5B6C1D-4493-44BE-AF59-F3DCC15BA1F7}.Release|Any CPU.ActiveCfg = Release|Any CPU
		{BE5B6C1D-4493-44BE-AF59-F3DCC15BA1F7}.Release|Any CPU.Build.0 = Release|Any CPU
		{15E8A086-CB27-43E5-9B43-68C7676C2CDE}.Debug|Any CPU.ActiveCfg = Debug|Any CPU
		{15E8A086-CB27-43E5-9B43-68C7676C2CDE}.Debug|Any CPU.Build.0 = Debug|Any CPU
		{15E8A086-CB27-43E5-9B43-68C7676C2CDE}.Release|Any CPU.ActiveCfg = Release|Any CPU
		{15E8A086-CB27-43E5-9B43-68C7676C2CDE}.Release|Any CPU.Build.0 = Release|Any CPU
		{6128A197-0B5A-4E4A-84D0-1B93586EDF77}.Debug|Any CPU.ActiveCfg = Debug|Any CPU
		{6128A197-0B5A-4E4A-84D0-1B93586EDF77}.Debug|Any CPU.Build.0 = Debug|Any CPU
		{6128A197-0B5A-4E4A-84D0-1B93586EDF77}.Release|Any CPU.ActiveCfg = Release|Any CPU
		{6128A197-0B5A-4E4A-84D0-1B93586EDF77}.Release|Any CPU.Build.0 = Release|Any CPU
		{8A5D7BB1-78DF-43EC-81C9-9466FFB86A0C}.Debug|Any CPU.ActiveCfg = Debug|Any CPU
		{8A5D7BB1-78DF-43EC-81C9-9466FFB86A0C}.Debug|Any CPU.Build.0 = Debug|Any CPU
		{8A5D7BB1-78DF-43EC-81C9-9466FFB86A0C}.Release|Any CPU.ActiveCfg = Release|Any CPU
		{8A5D7BB1-78DF-43EC-81C9-9466FFB86A0C}.Release|Any CPU.Build.0 = Release|Any CPU
		{27090CD4-5BCA-40ED-89BD-586FCC865405}.Debug|Any CPU.ActiveCfg = Debug|Any CPU
		{27090CD4-5BCA-40ED-89BD-586FCC865405}.Debug|Any CPU.Build.0 = Debug|Any CPU
		{27090CD4-5BCA-40ED-89BD-586FCC865405}.Release|Any CPU.ActiveCfg = Release|Any CPU
		{27090CD4-5BCA-40ED-89BD-586FCC865405}.Release|Any CPU.Build.0 = Release|Any CPU
	EndGlobalSection
	GlobalSection(SolutionProperties) = preSolution
		HideSolutionNode = FALSE
	EndGlobalSection
	GlobalSection(ExtensibilityGlobals) = postSolution
		SolutionGuid = {7004F808-CC5C-4507-A537-05E3E1A0B1C1}
	EndGlobalSection
EndGlobal
